
Microsoft Visual Studio Solution File, Format Version 12.00
# Visual Studio 14
VisualStudioVersion = 14.0.25420.1
MinimumVisualStudioVersion = 10.0.40219.1
Project("{FAE04EC0-301F-11D3-BF4B-00C04F79EFBC}") = "ResolverOcelot", "ResolverOcelot\ResolverOcelot.csproj", "{B5F9B3D8-9957-4FDE-B455-DDB4D11F2CEF}"
EndProject
Project("{FAE04EC0-301F-11D3-BF4B-00C04F79EFBC}") = "ResolverOcelot.Tests", "ResolverOcelot.Tests\ResolverOcelot.Tests.csproj", "{88FCF3A3-B1DA-430A-95CB-FB74D7B3C7F1}"
EndProject
Global
	GlobalSection(SolutionConfigurationPlatforms) = preSolution
		Debug|Any CPU = Debug|Any CPU
		Release|Any CPU = Release|Any CPU
	EndGlobalSection
	GlobalSection(ProjectConfigurationPlatforms) = postSolution
		{B5F9B3D8-9957-4FDE-B455-DDB4D11F2CEF}.Debug|Any CPU.ActiveCfg = Debug|Any CPU
		{B5F9B3D8-9957-4FDE-B455-DDB4D11F2CEF}.Debug|Any CPU.Build.0 = Debug|Any CPU
		{B5F9B3D8-9957-4FDE-B455-DDB4D11F2CEF}.Release|Any CPU.ActiveCfg = Release|Any CPU
		{B5F9B3D8-9957-4FDE-B455-DDB4D11F2CEF}.Release|Any CPU.Build.0 = Release|Any CPU
		{88FCF3A3-B1DA-430A-95CB-FB74D7B3C7F1}.Debug|Any CPU.ActiveCfg = Debug|Any CPU
		{88FCF3A3-B1DA-430A-95CB-FB74D7B3C7F1}.Debug|Any CPU.Build.0 = Debug|Any CPU
		{88FCF3A3-B1DA-430A-95CB-FB74D7B3C7F1}.Release|Any CPU.ActiveCfg = Release|Any CPU
		{88FCF3A3-B1DA-430A-95CB-FB74D7B3C7F1}.Release|Any CPU.Build.0 = Release|Any CPU
	EndGlobalSection
	GlobalSection(SolutionProperties) = preSolution
		HideSolutionNode = FALSE
	EndGlobalSection
EndGlobal
